
Microsoft Visual Studio Solution File, Format Version 12.00
# Visual Studio Version 17
VisualStudioVersion = 17.7.34024.191
MinimumVisualStudioVersion = 10.0.40219.1
Project("{FAE04EC0-301F-11D3-BF4B-00C04F79EFBC}") = "GPTEval", "GPTEval\GPTEval.csproj", "{A688F8F8-DFEE-4215-891E-E66B70D7534B}"
EndProject
Global
	GlobalSection(SolutionConfigurationPlatforms) = preSolution
		Debug|Any CPU = Debug|Any CPU
		Release|Any CPU = Release|Any CPU
	EndGlobalSection
	GlobalSection(ProjectConfigurationPlatforms) = postSolution
		{A688F8F8-DFEE-4215-891E-E66B70D7534B}.Debug|Any CPU.ActiveCfg = Debug|Any CPU
		{A688F8F8-DFEE-4215-891E-E66B70D7534B}.Debug|Any CPU.Build.0 = Debug|Any CPU
		{A688F8F8-DFEE-4215-891E-E66B70D7534B}.Release|Any CPU.ActiveCfg = Release|Any CPU
		{A688F8F8-DFEE-4215-891E-E66B70D7534B}.Release|Any CPU.Build.0 = Release|Any CPU
	EndGlobalSection
	GlobalSection(SolutionProperties) = preSolution
		HideSolutionNode = FALSE
	EndGlobalSection
	GlobalSection(ExtensibilityGlobals) = postSolution
		SolutionGuid = {6E4CE352-7E21-454B-9279-52C3BC74FCCB}
	EndGlobalSection
EndGlobal
